# THIS IS AN AUTOGENERATED FILE. DO NOT EDIT THIS FILE DIRECTLY.
# yarn lockfile v1


"@babel/helper-annotate-as-pure@^7.10.4", "@babel/helper-annotate-as-pure@^7.12.10":
  version "7.12.10"
  resolved "https://registry.yarnpkg.com/@babel/helper-annotate-as-pure/-/helper-annotate-as-pure-7.12.10.tgz#54ab9b000e60a93644ce17b3f37d313aaf1d115d"
  integrity sha512-XplmVbC1n+KY6jL8/fgLVXXUauDIB+lD5+GsQEh6F6GBF1dq1qy4DP4yXWzDKcoqXB3X58t61e85Fitoww4JVQ==
  dependencies:
    "@babel/types" "^7.12.10"

"@babel/helper-builder-react-jsx-experimental@^7.12.11":
  version "7.12.11"
  resolved "https://registry.yarnpkg.com/@babel/helper-builder-react-jsx-experimental/-/helper-builder-react-jsx-experimental-7.12.11.tgz#a39616d7e4cf8f9da1f82b5fc3ee1f7406beeb11"
  integrity sha512-4oGVOekPI8dh9JphkPXC68iIuP6qp/RPbaPmorRmEFbRAHZjSqxPjqHudn18GVDPgCuFM/KdFXc63C17Ygfa9w==
  dependencies:
    "@babel/helper-annotate-as-pure" "^7.12.10"
    "@babel/helper-module-imports" "^7.12.5"
    "@babel/types" "^7.12.11"

"@babel/helper-builder-react-jsx@^7.10.4":
  version "7.10.4"
  resolved "https://registry.yarnpkg.com/@babel/helper-builder-react-jsx/-/helper-builder-react-jsx-7.10.4.tgz#8095cddbff858e6fa9c326daee54a2f2732c1d5d"
  integrity sha512-5nPcIZ7+KKDxT1427oBivl9V9YTal7qk0diccnh7RrcgrT/pGFOjgGw1dgryyx1GvHEpXVfoDF6Ak3rTiWh8Rg==
  dependencies:
    "@babel/helper-annotate-as-pure" "^7.10.4"
    "@babel/types" "^7.10.4"

"@babel/helper-module-imports@^7.12.5":
  version "7.12.5"
  resolved "https://registry.yarnpkg.com/@babel/helper-module-imports/-/helper-module-imports-7.12.5.tgz#1bfc0229f794988f76ed0a4d4e90860850b54dfb"
  integrity sha512-SR713Ogqg6++uexFRORf/+nPXMmWIn80TALu0uaFb+iQIUoR7bOC7zBWyzBs5b3tBBJXuyD0cRu1F15GyzjOWA==
  dependencies:
    "@babel/types" "^7.12.5"

"@babel/helper-plugin-utils@^7.10.4":
  version "7.10.4"
  resolved "https://registry.yarnpkg.com/@babel/helper-plugin-utils/-/helper-plugin-utils-7.10.4.tgz#2f75a831269d4f677de49986dff59927533cf375"
  integrity sha512-O4KCvQA6lLiMU9l2eawBPMf1xPP8xPfB3iEQw150hOVTqj/rfXz0ThTb4HEzqQfs2Bmo5Ay8BzxfzVtBrr9dVg==

"@babel/helper-validator-identifier@^7.12.11":
  version "7.12.11"
  resolved "https://registry.yarnpkg.com/@babel/helper-validator-identifier/-/helper-validator-identifier-7.12.11.tgz#c9a1f021917dcb5ccf0d4e453e399022981fc9ed"
  integrity sha512-np/lG3uARFybkoHokJUmf1QfEvRVCPbmQeUQpKow5cQ3xWrV9i3rUHodKDJPQfTVX61qKi+UdYk8kik84n7XOw==

"@babel/plugin-syntax-jsx@^7.12.1":
  version "7.12.1"
  resolved "https://registry.yarnpkg.com/@babel/plugin-syntax-jsx/-/plugin-syntax-jsx-7.12.1.tgz#9d9d357cc818aa7ae7935917c1257f67677a0926"
  integrity sha512-1yRi7yAtB0ETgxdY9ti/p2TivUxJkTdhu/ZbF9MshVGqOx1TdB3b7xCXs49Fupgg50N45KcAsRP/ZqWjs9SRjg==
  dependencies:
    "@babel/helper-plugin-utils" "^7.10.4"

"@babel/plugin-transform-react-display-name@^7.12.1":
  version "7.12.1"
  resolved "https://registry.yarnpkg.com/@babel/plugin-transform-react-display-name/-/plugin-transform-react-display-name-7.12.1.tgz#1cbcd0c3b1d6648c55374a22fc9b6b7e5341c00d"
  integrity sha512-cAzB+UzBIrekfYxyLlFqf/OagTvHLcVBb5vpouzkYkBclRPraiygVnafvAoipErZLI8ANv8Ecn6E/m5qPXD26w==
  dependencies:
    "@babel/helper-plugin-utils" "^7.10.4"

"@babel/plugin-transform-react-jsx-development@^7.12.7":
  version "7.12.11"
  resolved "https://registry.yarnpkg.com/@babel/plugin-transform-react-jsx-development/-/plugin-transform-react-jsx-development-7.12.11.tgz#078aa7e1f5f75a68ee9598ebed90000fcb11092f"
  integrity sha512-5MvsGschXeXJsbzQGR/BH89ATMzCsM7rx95n+R7/852cGoK2JgMbacDw/A9Pmrfex4tArdMab0L5SBV4SB/Nxg==
  dependencies:
    "@babel/helper-builder-react-jsx-experimental" "^7.12.11"
    "@babel/helper-plugin-utils" "^7.10.4"
    "@babel/plugin-syntax-jsx" "^7.12.1"

"@babel/plugin-transform-react-jsx@^7.12.10":
  version "7.12.11"
  resolved "https://registry.yarnpkg.com/@babel/plugin-transform-react-jsx/-/plugin-transform-react-jsx-7.12.11.tgz#09a7319195946b0ddc09f9a5f01346f2cb80dfdd"
  integrity sha512-5nWOw6mTylaFU72BdZfa0dP1HsGdY3IMExpxn8LBE8dNmkQjB+W+sR+JwIdtbzkPvVuFviT3zyNbSUkuVTVxbw==
  dependencies:
    "@babel/helper-builder-react-jsx" "^7.10.4"
    "@babel/helper-builder-react-jsx-experimental" "^7.12.11"
    "@babel/helper-plugin-utils" "^7.10.4"
    "@babel/plugin-syntax-jsx" "^7.12.1"

"@babel/plugin-transform-react-pure-annotations@^7.12.1":
  version "7.12.1"
  resolved "https://registry.yarnpkg.com/@babel/plugin-transform-react-pure-annotations/-/plugin-transform-react-pure-annotations-7.12.1.tgz#05d46f0ab4d1339ac59adf20a1462c91b37a1a42"
  integrity sha512-RqeaHiwZtphSIUZ5I85PEH19LOSzxfuEazoY7/pWASCAIBuATQzpSVD+eT6MebeeZT2F4eSL0u4vw6n4Nm0Mjg==
  dependencies:
    "@babel/helper-annotate-as-pure" "^7.10.4"
    "@babel/helper-plugin-utils" "^7.10.4"

"@babel/preset-react@^7.12.10":
  version "7.12.10"
  resolved "https://registry.yarnpkg.com/@babel/preset-react/-/preset-react-7.12.10.tgz#4fed65f296cbb0f5fb09de6be8cddc85cc909be9"
  integrity sha512-vtQNjaHRl4DUpp+t+g4wvTHsLQuye+n0H/wsXIZRn69oz/fvNC7gQ4IK73zGJBaxvHoxElDvnYCthMcT7uzFoQ==
  dependencies:
    "@babel/helper-plugin-utils" "^7.10.4"
    "@babel/plugin-transform-react-display-name" "^7.12.1"
    "@babel/plugin-transform-react-jsx" "^7.12.10"
    "@babel/plugin-transform-react-jsx-development" "^7.12.7"
    "@babel/plugin-transform-react-pure-annotations" "^7.12.1"

"@babel/types@^7.10.4", "@babel/types@^7.12.10", "@babel/types@^7.12.11", "@babel/types@^7.12.5":
  version "7.12.11"
  resolved "https://registry.yarnpkg.com/@babel/types/-/types-7.12.11.tgz#a86e4d71e30a9b6ee102590446c98662589283ce"
  integrity sha512-ukA9SQtKThINm++CX1CwmliMrE54J6nIYB5XTwL5f/CLFW9owfls+YSU8tVW15RQ2w+a3fSbPjC6HdQNtWZkiA==
  dependencies:
    "@babel/helper-validator-identifier" "^7.12.11"
    lodash "^4.17.19"
    to-fast-properties "^2.0.0"

lodash@^4.17.19:
  version "4.17.20"
  resolved "https://registry.yarnpkg.com/lodash/-/lodash-4.17.20.tgz#b44a9b6297bcb698f1c51a3545a2b3b368d59c52"
  integrity sha512-PlhdFcillOINfeV7Ni6oF1TAEayyZBoZ8bcshTHqOYJYlrqzRK5hagpagky5o4HfCzzd1TRkXPMFq6cKk9rGmA==

to-fast-properties@^2.0.0:
  version "2.0.0"
  resolved "https://registry.yarnpkg.com/to-fast-properties/-/to-fast-properties-2.0.0.tgz#dc5e698cbd079265bc73e0377681a4e4e83f616e"
  integrity sha1-3F5pjL0HkmW8c+A3doGk5Og/YW4=
