# THIS IS AN AUTOGENERATED FILE. DO NOT EDIT THIS FILE DIRECTLY.
# yarn lockfile v1


"@babel/helper-plugin-utils@^7.10.4":
  version "7.10.4"
  resolved "https://registry.yarnpkg.com/@babel/helper-plugin-utils/-/helper-plugin-utils-7.10.4.tgz#2f75a831269d4f677de49986dff59927533cf375"
  integrity sha512-O4KCvQA6lLiMU9l2eawBPMf1xPP8xPfB3iEQw150hOVTqj/rfXz0ThTb4HEzqQfs2Bmo5Ay8BzxfzVtBrr9dVg==

"@babel/plugin-syntax-jsx@^7.12.1":
  version "7.12.1"
  resolved "https://registry.yarnpkg.com/@babel/plugin-syntax-jsx/-/plugin-syntax-jsx-7.12.1.tgz#9d9d357cc818aa7ae7935917c1257f67677a0926"
  integrity sha512-1yRi7yAtB0ETgxdY9ti/p2TivUxJkTdhu/ZbF9MshVGqOx1TdB3b7xCXs49Fupgg50N45KcAsRP/ZqWjs9SRjg==
  dependencies:
    "@babel/helper-plugin-utils" "^7.10.4"
